
Microsoft Visual Studio Solution File, Format Version 12.00
# Visual Studio 15
VisualStudioVersion = 15.0.27703.2042
MinimumVisualStudioVersion = 10.0.40219.1
Project("{FAE04EC0-301F-11D3-BF4B-00C04F79EFBC}") = "Week01", "Week01\Week01.csproj", "{6453C737-7A76-4F3E-BECE-AB4709EC7758}"
EndProject
Project("{FAE04EC0-301F-11D3-BF4B-00C04F79EFBC}") = "WindowsFormsApp1", "WindowsFormsApp1\WindowsFormsApp1.csproj", "{5B8948F4-2BEE-4EAD-880F-A095F005DB3C}"
EndProject
Global
	GlobalSection(SolutionConfigurationPlatforms) = preSolution
		Debug|Any CPU = Debug|Any CPU
		Release|Any CPU = Release|Any CPU
	EndGlobalSection
	GlobalSection(ProjectConfigurationPlatforms) = postSolution
		{6453C737-7A76-4F3E-BECE-AB4709EC7758}.Debug|Any CPU.ActiveCfg = Debug|Any CPU
		{6453C737-7A76-4F3E-BECE-AB4709EC7758}.Debug|Any CPU.Build.0 = Debug|Any CPU
		{6453C737-7A76-4F3E-BECE-AB4709EC7758}.Release|Any CPU.ActiveCfg = Release|Any CPU
		{6453C737-7A76-4F3E-BECE-AB4709EC7758}.Release|Any CPU.Build.0 = Release|Any CPU
		{5B8948F4-2BEE-4EAD-880F-A095F005DB3C}.Debug|Any CPU.ActiveCfg = Debug|Any CPU
		{5B8948F4-2BEE-4EAD-880F-A095F005DB3C}.Debug|Any CPU.Build.0 = Debug|Any CPU
		{5B8948F4-2BEE-4EAD-880F-A095F005DB3C}.Release|Any CPU.ActiveCfg = Release|Any CPU
		{5B8948F4-2BEE-4EAD-880F-A095F005DB3C}.Release|Any CPU.Build.0 = Release|Any CPU
	EndGlobalSection
	GlobalSection(SolutionProperties) = preSolution
		HideSolutionNode = FALSE
	EndGlobalSection
	GlobalSection(ExtensibilityGlobals) = postSolution
		SolutionGuid = {B5A151AA-E9DE-477E-A489-232FFA761861}
	EndGlobalSection
EndGlobal
